
Microsoft Visual Studio Solution File, Format Version 12.00
# Visual Studio Version 17
VisualStudioVersion = 17.1.32319.34
MinimumVisualStudioVersion = 10.0.40219.1
Project("{FAE04EC0-301F-11D3-BF4B-00C04F79EFBC}") = "WebRTCService", "WebRTCService\WebRTCService.csproj", "{06247FA9-CC53-4DAE-8A21-7041DF3F0596}"
EndProject
Project("{FAE04EC0-301F-11D3-BF4B-00C04F79EFBC}") = "WebRTCStart", "WebRTCStart\WebRTCStart.csproj", "{93D49395-9427-4445-9792-6C7ADAA7B9C0}"
EndProject
Global
	GlobalSection(SolutionConfigurationPlatforms) = preSolution
		Debug|Any CPU = Debug|Any CPU
		Release|Any CPU = Release|Any CPU
	EndGlobalSection
	GlobalSection(ProjectConfigurationPlatforms) = postSolution
		{06247FA9-CC53-4DAE-8A21-7041DF3F0596}.Debug|Any CPU.ActiveCfg = Debug|Any CPU
		{06247FA9-CC53-4DAE-8A21-7041DF3F0596}.Debug|Any CPU.Build.0 = Debug|Any CPU
		{06247FA9-CC53-4DAE-8A21-7041DF3F0596}.Release|Any CPU.ActiveCfg = Release|Any CPU
		{06247FA9-CC53-4DAE-8A21-7041DF3F0596}.Release|Any CPU.Build.0 = Release|Any CPU
		{93D49395-9427-4445-9792-6C7ADAA7B9C0}.Debug|Any CPU.ActiveCfg = Debug|Any CPU
		{93D49395-9427-4445-9792-6C7ADAA7B9C0}.Debug|Any CPU.Build.0 = Debug|Any CPU
		{93D49395-9427-4445-9792-6C7ADAA7B9C0}.Release|Any CPU.ActiveCfg = Release|Any CPU
		{93D49395-9427-4445-9792-6C7ADAA7B9C0}.Release|Any CPU.Build.0 = Release|Any CPU
	EndGlobalSection
	GlobalSection(SolutionProperties) = preSolution
		HideSolutionNode = FALSE
	EndGlobalSection
	GlobalSection(ExtensibilityGlobals) = postSolution
		SolutionGuid = {00A37615-E980-4EB2-923C-CB9C8DFB6046}
	EndGlobalSection
EndGlobal
